Microsoft Visual Studio Solution File, Format Version 12.00
# Visual Studio Version 17
VisualStudioVersion = 17.5.2.0
MinimumVisualStudioVersion = 10.0.40219.1
Project("{FAE04EC0-301F-11D3-BF4B-00C04F79EFBC}") = "RetailInventoryLab", "RetailInventoryLab.csproj", "{BD388E67-E0EE-DB14-F106-FCDAAE1729CF}"
EndProject
Global
	GlobalSection(SolutionConfigurationPlatforms) = preSolution
		Debug|Any CPU = Debug|Any CPU
		Release|Any CPU = Release|Any CPU
	EndGlobalSection
	GlobalSection(ProjectConfigurationPlatforms) = postSolution
		{BD388E67-E0EE-DB14-F106-FCDAAE1729CF}.Debug|Any CPU.ActiveCfg = Debug|Any CPU
		{BD388E67-E0EE-DB14-F106-FCDAAE1729CF}.Debug|Any CPU.Build.0 = Debug|Any CPU
		{BD388E67-E0EE-DB14-F106-FCDAAE1729CF}.Release|Any CPU.ActiveCfg = Release|Any CPU
		{BD388E67-E0EE-DB14-F106-FCDAAE1729CF}.Release|Any CPU.Build.0 = Release|Any CPU
	EndGlobalSection
	GlobalSection(SolutionProperties) = preSolution
		HideSolutionNode = FALSE
	EndGlobalSection
	GlobalSection(ExtensibilityGlobals) = postSolution
		SolutionGuid = {F801E297-CF25-459A-968B-3F24EDB46188}
	EndGlobalSection
EndGlobal
