Microsoft Visual Studio Solution File, Format Version 12.00
# Visual Studio Version 17
VisualStudioVersion = 17.5.2.0
MinimumVisualStudioVersion = 10.0.40219.1
Project("{FAE04EC0-301F-11D3-BF4B-00C04F79EFBC}") = "WebApi_Exercise4", "WebApi_Exercise4.csproj", "{F76E01DB-C8B9-CB53-F9FE-DF618D9EAD33}"
EndProject
Global
	GlobalSection(SolutionConfigurationPlatforms) = preSolution
		Debug|Any CPU = Debug|Any CPU
		Release|Any CPU = Release|Any CPU
	EndGlobalSection
	GlobalSection(ProjectConfigurationPlatforms) = postSolution
		{F76E01DB-C8B9-CB53-F9FE-DF618D9EAD33}.Debug|Any CPU.ActiveCfg = Debug|Any CPU
		{F76E01DB-C8B9-CB53-F9FE-DF618D9EAD33}.Debug|Any CPU.Build.0 = Debug|Any CPU
		{F76E01DB-C8B9-CB53-F9FE-DF618D9EAD33}.Release|Any CPU.ActiveCfg = Release|Any CPU
		{F76E01DB-C8B9-CB53-F9FE-DF618D9EAD33}.Release|Any CPU.Build.0 = Release|Any CPU
	EndGlobalSection
	GlobalSection(SolutionProperties) = preSolution
		HideSolutionNode = FALSE
	EndGlobalSection
	GlobalSection(ExtensibilityGlobals) = postSolution
		SolutionGuid = {12B505A4-024F-4F0B-AA71-D3FBAED36BA1}
	EndGlobalSection
EndGlobal
