Microsoft Visual Studio Solution File, Format Version 12.00
# Visual Studio Version 17
VisualStudioVersion = 17.5.2.0
MinimumVisualStudioVersion = 10.0.40219.1
Project("{FAE04EC0-301F-11D3-BF4B-00C04F79EFBC}") = "WebApi_Exercise2", "WebApi_Exercise2.csproj", "{82AB3620-3C2D-3B1A-DDD4-F46227E202D5}"
EndProject
Global
	GlobalSection(SolutionConfigurationPlatforms) = preSolution
		Debug|Any CPU = Debug|Any CPU
		Release|Any CPU = Release|Any CPU
	EndGlobalSection
	GlobalSection(ProjectConfigurationPlatforms) = postSolution
		{82AB3620-3C2D-3B1A-DDD4-F46227E202D5}.Debug|Any CPU.ActiveCfg = Debug|Any CPU
		{82AB3620-3C2D-3B1A-DDD4-F46227E202D5}.Debug|Any CPU.Build.0 = Debug|Any CPU
		{82AB3620-3C2D-3B1A-DDD4-F46227E202D5}.Release|Any CPU.ActiveCfg = Release|Any CPU
		{82AB3620-3C2D-3B1A-DDD4-F46227E202D5}.Release|Any CPU.Build.0 = Release|Any CPU
	EndGlobalSection
	GlobalSection(SolutionProperties) = preSolution
		HideSolutionNode = FALSE
	EndGlobalSection
	GlobalSection(ExtensibilityGlobals) = postSolution
		SolutionGuid = {3511F582-4DE8-436D-A662-FF91AF2256AA}
	EndGlobalSection
EndGlobal
